// !$*UTF8*$!
{
	archiveVersion = 1;
	classes = {
	};
	objectVersion = 50;
	objects = {

/* Begin PBXBuildFile section */
		98C6272620A39AAB00152496 /* AppDelegate.swift in Sources */ = {isa = PBXBuildFile; fileRef = 98C6272520A39AAB00152496 /* AppDelegate.swift */; };
		98C6272D20A39AAC00152496 /* Assets.xcassets in Resources */ = {isa = PBXBuildFile; fileRef = 98C6272C20A39AAC00152496 /* Assets.xcassets */; };
		98C6273020A39AAC00152496 /* LaunchScreen.storyboard in Resources */ = {isa = PBXBuildFile; fileRef = 98C6272E20A39AAC00152496 /* LaunchScreen.storyboard */; };
		98C6274D20A39E1B00152496 /* Main.storyboard in Resources */ = {isa = PBXBuildFile; fileRef = 98C6274C20A39E1B00152496 /* Main.storyboard */; };
		98C6275120A39E3B00152496 /* RoundedViewWithShadow.swift in Sources */ = {isa = PBXBuildFile; fileRef = 98C6274E20A39E3A00152496 /* RoundedViewWithShadow.swift */; };
		98C6275220A39E3B00152496 /* RoundedButton.swift in Sources */ = {isa = PBXBuildFile; fileRef = 98C6274F20A39E3A00152496 /* RoundedButton.swift */; };
		98C6275320A39E3B00152496 /* ShadowLabel.swift in Sources */ = {isa = PBXBuildFile; fileRef = 98C6275020A39E3B00152496 /* ShadowLabel.swift */; };
		98C6275520A39E6E00152496 /* LoginViewController.swift in Sources */ = {isa = PBXBuildFile; fileRef = 98C6275420A39E6E00152496 /* LoginViewController.swift */; };
		E53BCB74DE30E199D723ED1E /* Pods_Ordernize.framework in Frameworks */ = {isa = PBXBuildFile; fileRef = 3427F484698DB749953ED71D /* Pods_Ordernize.framework */; };
/* End PBXBuildFile section */

/* Begin PBXFileReference section */
		3427F484698DB749953ED71D /* Pods_Ordernize.framework */ = {isa = PBXFileReference; explicitFileType = wrapper.framework; includeInIndex = 0; path = Pods_Ordernize.framework; sourceTree = BUILT_PRODUCTS_DIR; };
		45283F6222720CA99EB40531 /* Pods-Ordernize.debug.xcconfig */ = {isa = PBXFileReference; includeInIndex = 1; lastKnownFileType = text.xcconfig; name = "Pods-Ordernize.debug.xcconfig"; path = "Pods/Target Support Files/Pods-Ordernize/Pods-Ordernize.debug.xcconfig"; sourceTree = "<group>"; };
		98C6272220A39AAB00152496 /* Ordernize.app */ = {isa = PBXFileReference; explicitFileType = wrapper.application; includeInIndex = 0; path = Ordernize.app; sourceTree = BUILT_PRODUCTS_DIR; };
		98C6272520A39AAB00152496 /* AppDelegate.swift */ = {isa = PBXFileReference; lastKnownFileType = sourcecode.swift; path = AppDelegate.swift; sourceTree = "<group>"; };
		98C6272C20A39AAC00152496 /* Assets.xcassets */ = {isa = PBXFileReference; lastKnownFileType = folder.assetcatalog; path = Assets.xcassets; sourceTree = "<group>"; };
		98C6272F20A39AAC00152496 /* Base */ = {isa = PBXFileReference; lastKnownFileType = file.storyboard; name = Base; path = Base.lproj/LaunchScreen.storyboard; sourceTree = "<group>"; };
		98C6273120A39AAC00152496 /* Info.plist */ = {isa = PBXFileReference; lastKnownFileType = text.plist.xml; path = Info.plist; sourceTree = "<group>"; };
		98C6274C20A39E1B00152496 /* Main.storyboard */ = {isa = PBXFileReference; fileEncoding = 4; lastKnownFileType = file.storyboard; path = Main.storyboard; sourceTree = "<group>"; };
		98C6274E20A39E3A00152496 /* RoundedViewWithShadow.swift */ = {isa = PBXFileReference; fileEncoding = 4; lastKnownFileType = sourcecode.swift; path = RoundedViewWithShadow.swift; sourceTree = "<group>"; };
		98C6274F20A39E3A00152496 /* RoundedButton.swift */ = {isa = PBXFileReference; fileEncoding = 4; lastKnownFileType = sourcecode.swift; path = RoundedButton.swift; sourceTree = "<group>"; };
		98C6275020A39E3B00152496 /* ShadowLabel.swift */ = {isa = PBXFileReference; fileEncoding = 4; lastKnownFileType = sourcecode.swift; path = ShadowLabel.swift; sourceTree = "<group>"; };
		98C6275420A39E6E00152496 /* LoginViewController.swift */ = {isa = PBXFileReference; fileEncoding = 4; lastKnownFileType = sourcecode.swift; path = LoginViewController.swift; sourceTree = "<group>"; };
		FC9F2FB9F4A2591C25EA790F /* Pods-Ordernize.release.xcconfig */ = {isa = PBXFileReference; includeInIndex = 1; lastKnownFileType = text.xcconfig; name = "Pods-Ordernize.release.xcconfig"; path = "Pods/Target Support Files/Pods-Ordernize/Pods-Ordernize.release.xcconfig"; sourceTree = "<group>"; };
/* End PBXFileReference section */

/* Begin PBXFrameworksBuildPhase section */
		98C6271F20A39AAB00152496 /* Frameworks */ = {
			isa = PBXFrameworksBuildPhase;
			buildActionMask = 2147483647;
			files = (
				E53BCB74DE30E199D723ED1E /* Pods_Ordernize.framework in Frameworks */,
			);
			runOnlyForDeploymentPostprocessing = 0;
		};
/* End PBXFrameworksBuildPhase section */

/* Begin PBXGroup section */
		6E78C020136348F0A6F1CA8D /* Frameworks */ = {
			isa = PBXGroup;
			children = (
				3427F484698DB749953ED71D /* Pods_Ordernize.framework */,
			);
			name = Frameworks;
			sourceTree = "<group>";
		};
		98C6271920A39AAB00152496 = {
			isa = PBXGroup;
			children = (
				98C6272420A39AAB00152496 /* Ordernize */,
				98C6272320A39AAB00152496 /* Products */,
				A96B52A05D1D563C0C195B3D /* Pods */,
				6E78C020136348F0A6F1CA8D /* Frameworks */,
			);
			sourceTree = "<group>";
		};
		98C6272320A39AAB00152496 /* Products */ = {
			isa = PBXGroup;
			children = (
				98C6272220A39AAB00152496 /* Ordernize.app */,
			);
			name = Products;
			sourceTree = "<group>";
		};
		98C6272420A39AAB00152496 /* Ordernize */ = {
			isa = PBXGroup;
			children = (
				98C6272520A39AAB00152496 /* AppDelegate.swift */,
				98C6275720A39F1200152496 /* ViewControllers */,
				98C6275620A39F0B00152496 /* CustomUI */,
				98C6272C20A39AAC00152496 /* Assets.xcassets */,
				98C6272E20A39AAC00152496 /* LaunchScreen.storyboard */,
				98C6274C20A39E1B00152496 /* Main.storyboard */,
				98C6273120A39AAC00152496 /* Info.plist */,
			);
			path = Ordernize;
			sourceTree = "<group>";
		};
		98C6275620A39F0B00152496 /* CustomUI */ = {
			isa = PBXGroup;
			children = (
				98C6274E20A39E3A00152496 /* RoundedViewWithShadow.swift */,
				98C6274F20A39E3A00152496 /* RoundedButton.swift */,
				98C6275020A39E3B00152496 /* ShadowLabel.swift */,
			);
			path = CustomUI;
			sourceTree = "<group>";
		};
		98C6275720A39F1200152496 /* ViewControllers */ = {
			isa = PBXGroup;
			children = (
				98C6275420A39E6E00152496 /* LoginViewController.swift */,
			);
			path = ViewControllers;
			sourceTree = "<group>";
		};
		A96B52A05D1D563C0C195B3D /* Pods */ = {
			isa = PBXGroup;
			children = (
				45283F6222720CA99EB40531 /* Pods-Ordernize.debug.xcconfig */,
				FC9F2FB9F4A2591C25EA790F /* Pods-Ordernize.release.xcconfig */,
			);
			name = Pods;
			sourceTree = "<group>";
		};
/* End PBXGroup section */

/* Begin PBXNativeTarget section */
		98C6272120A39AAB00152496 /* Ordernize */ = {
			isa = PBXNativeTarget;
			buildConfigurationList = 98C6273420A39AAC00152496 /* Build configuration list for PBXNativeTarget "Ordernize" */;
			buildPhases = (
				CDFEA6FC9435362BEF94CC7E /* [CP] Check Pods Manifest.lock */,
				98C6271E20A39AAB00152496 /* Sources */,
				98C6271F20A39AAB00152496 /* Frameworks */,
				98C6272020A39AAB00152496 /* Resources */,
				91CC5F840AA981C2A1401F36 /* [CP] Embed Pods Frameworks */,
			);
			buildRules = (
			);
			dependencies = (
			);
			name = Ordernize;
			productName = Ordernize;
			productReference = 98C6272220A39AAB00152496 /* Ordernize.app */;
			productType = "com.apple.product-type.application";
		};
/* End PBXNativeTarget section */

/* Begin PBXProject section */
		98C6271A20A39AAB00152496 /* Project object */ = {
			isa = PBXProject;
			attributes = {
				LastSwiftUpdateCheck = 0930;
				LastUpgradeCheck = 0930;
				ORGANIZATIONNAME = "Paul Wiesinger";
				TargetAttributes = {
					98C6272120A39AAB00152496 = {
						CreatedOnToolsVersion = 9.3;
					};
				};
			};
			buildConfigurationList = 98C6271D20A39AAB00152496 /* Build configuration list for PBXProject "Ordernize" */;
			compatibilityVersion = "Xcode 9.3";
			developmentRegion = en;
			hasScannedForEncodings = 0;
			knownRegions = (
				en,
				Base,
			);
			mainGroup = 98C6271920A39AAB00152496;
			productRefGroup = 98C6272320A39AAB00152496 /* Products */;
			projectDirPath = "";
			projectRoot = "";
			targets = (
				98C6272120A39AAB00152496 /* Ordernize */,
			);
		};
/* End PBXProject section */

/* Begin PBXResourcesBuildPhase section */
		98C6272020A39AAB00152496 /* Resources */ = {
			isa = PBXResourcesBuildPhase;
			buildActionMask = 2147483647;
			files = (
				98C6273020A39AAC00152496 /* LaunchScreen.storyboard in Resources */,
				98C6274D20A39E1B00152496 /* Main.storyboard in Resources */,
				98C6272D20A39AAC00152496 /* Assets.xcassets in Resources */,
			);
			runOnlyForDeploymentPostprocessing = 0;
		};
/* End PBXResourcesBuildPhase section */

/* Begin PBXShellScriptBuildPhase section */
		91CC5F840AA981C2A1401F36 /* [CP] Embed Pods Frameworks */ = {
			isa = PBXShellScriptBuildPhase;
			buildActionMask = 2147483647;
			files = (
			);
			inputPaths = (
				"${SRCROOT}/Pods/Target Support Files/Pods-Ordernize/Pods-Ordernize-frameworks.sh",
				"${BUILT_PRODUCTS_DIR}/BoringSSL/openssl.framework",
				"${BUILT_PRODUCTS_DIR}/GTMSessionFetcher/GTMSessionFetcher.framework",
				"${BUILT_PRODUCTS_DIR}/GoogleToolboxForMac/GoogleToolboxForMac.framework",
				"${BUILT_PRODUCTS_DIR}/Protobuf/Protobuf.framework",
				"${BUILT_PRODUCTS_DIR}/gRPC/GRPCClient.framework",
				"${BUILT_PRODUCTS_DIR}/gRPC-Core/grpc.framework",
				"${BUILT_PRODUCTS_DIR}/gRPC-ProtoRPC/ProtoRPC.framework",
				"${BUILT_PRODUCTS_DIR}/gRPC-RxLibrary/RxLibrary.framework",
				"${BUILT_PRODUCTS_DIR}/leveldb-library/leveldb.framework",
				"${BUILT_PRODUCTS_DIR}/nanopb/nanopb.framework",
			);
			name = "[CP] Embed Pods Frameworks";
			outputPaths = (
				"${TARGET_BUILD_DIR}/${FRAMEWORKS_FOLDER_PATH}/openssl.framework",
				"${TARGET_BUILD_DIR}/${FRAMEWORKS_FOLDER_PATH}/GTMSessionFetcher.framework",
				"${TARGET_BUILD_DIR}/${FRAMEWORKS_FOLDER_PATH}/GoogleToolboxForMac.framework",
				"${TARGET_BUILD_DIR}/${FRAMEWORKS_FOLDER_PATH}/Protobuf.framework",
				"${TARGET_BUILD_DIR}/${FRAMEWORKS_FOLDER_PATH}/GRPCClient.framework",
				"${TARGET_BUILD_DIR}/${FRAMEWORKS_FOLDER_PATH}/grpc.framework",
				"${TARGET_BUILD_DIR}/${FRAMEWORKS_FOLDER_PATH}/ProtoRPC.framework",
				"${TARGET_BUILD_DIR}/${FRAMEWORKS_FOLDER_PATH}/RxLibrary.framework",
				"${TARGET_BUILD_DIR}/${FRAMEWORKS_FOLDER_PATH}/leveldb.framework",
				"${TARGET_BUILD_DIR}/${FRAMEWORKS_FOLDER_PATH}/nanopb.framework",
			);
			runOnlyForDeploymentPostprocessing = 0;
			shellPath = /bin/sh;
			shellScript = "\"${SRCROOT}/Pods/Target Support Files/Pods-Ordernize/Pods-Ordernize-frameworks.sh\"\n";
			showEnvVarsInLog = 0;
		};
		CDFEA6FC9435362BEF94CC7E /* [CP] Check Pods Manifest.lock */ = {
			isa = PBXShellScriptBuildPhase;
			buildActionMask = 2147483647;
			files = (
			);
			inputPaths = (
				"${PODS_PODFILE_DIR_PATH}/Podfile.lock",
				"${PODS_ROOT}/Manifest.lock",
			);
			name = "[CP] Check Pods Manifest.lock";
			outputPaths = (
				"$(DERIVED_FILE_DIR)/Pods-Ordernize-checkManifestLockResult.txt",
			);
			runOnlyForDeploymentPostprocessing = 0;
			shellPath = /bin/sh;
			shellScript = "diff \"${PODS_PODFILE_DIR_PATH}/Podfile.lock\" \"${PODS_ROOT}/Manifest.lock\" > /dev/null\nif [ $? != 0 ] ; then\n    # print error to STDERR\n    echo \"error: The sandbox is not in sync with the Podfile.lock. Run 'pod install' or update your CocoaPods installation.\" >&2\n    exit 1\nfi\n# This output is used by Xcode 'outputs' to avoid re-running this script phase.\necho \"SUCCESS\" > \"${SCRIPT_OUTPUT_FILE_0}\"\n";
			showEnvVarsInLog = 0;
		};
/* End PBXShellScriptBuildPhase section */

/* Begin PBXSourcesBuildPhase section */
		98C6271E20A39AAB00152496 /* Sources */ = {
			isa = PBXSourcesBuildPhase;
			buildActionMask = 2147483647;
			files = (
				98C6275120A39E3B00152496 /* RoundedViewWithShadow.swift in Sources */,
				98C6275220A39E3B00152496 /* RoundedButton.swift in Sources */,
				98C6275320A39E3B00152496 /* ShadowLabel.swift in Sources */,
				98C6275520A39E6E00152496 /* LoginViewController.swift in Sources */,
				98C6272620A39AAB00152496 /* AppDelegate.swift in Sources */,
			);
			runOnlyForDeploymentPostprocessing = 0;
		};
/* End PBXSourcesBuildPhase section */

/* Begin PBXVariantGroup section */
		98C6272E20A39AAC00152496 /* LaunchScreen.storyboard */ = {
			isa = PBXVariantGroup;
			children = (
				98C6272F20A39AAC00152496 /* Base */,
			);
			name = LaunchScreen.storyboard;
			sourceTree = "<group>";
		};
/* End PBXVariantGroup section */

/* Begin XCBuildConfiguration section */
		98C6273220A39AAC00152496 /* Debug */ = {
			isa = XCBuildConfiguration;
			buildSettings = {
				ALWAYS_SEARCH_USER_PATHS = NO;
				CLANG_ANALYZER_NONNULL = YES;
				CLANG_ANALYZER_NUMBER_OBJECT_CONVERSION = YES_AGGRESSIVE;
				CLANG_CXX_LANGUAGE_STANDARD = "gnu++14";
				CLANG_CXX_LIBRARY = "libc++";
				CLANG_ENABLE_MODULES = YES;
				CLANG_ENABLE_OBJC_ARC = YES;
				CLANG_ENABLE_OBJC_WEAK = YES;
				CLANG_WARN_BLOCK_CAPTURE_AUTORELEASING = YES;
				CLANG_WARN_BOOL_CONVERSION = YES;
				CLANG_WARN_COMMA = YES;
				CLANG_WARN_CONSTANT_CONVERSION = YES;
				CLANG_WARN_DEPRECATED_OBJC_IMPLEMENTATIONS = YES;
				CLANG_WARN_DIRECT_OBJC_ISA_USAGE = YES_ERROR;
				CLANG_WARN_DOCUMENTATION_COMMENTS = YES;
				CLANG_WARN_EMPTY_BODY = YES;
				CLANG_WARN_ENUM_CONVERSION = YES;
				CLANG_WARN_INFINITE_RECURSION = YES;
				CLANG_WARN_INT_CONVERSION = YES;
				CLANG_WARN_NON_LITERAL_NULL_CONVERSION = YES;
				CLANG_WARN_OBJC_IMPLICIT_RETAIN_SELF = YES;
				CLANG_WARN_OBJC_LITERAL_CONVERSION = YES;
				CLANG_WARN_OBJC_ROOT_CLASS = YES_ERROR;
				CLANG_WARN_RANGE_LOOP_ANALYSIS = YES;
				CLANG_WARN_STRICT_PROTOTYPES = YES;
				CLANG_WARN_SUSPICIOUS_MOVE = YES;
				CLANG_WARN_UNGUARDED_AVAILABILITY = YES_AGGRESSIVE;
				CLANG_WARN_UNREACHABLE_CODE = YES;
				CLANG_WARN__DUPLICATE_METHOD_MATCH = YES;
				CODE_SIGN_IDENTITY = "iPhone Developer";
				COPY_PHASE_STRIP = NO;
				DEBUG_INFORMATION_FORMAT = dwarf;
				ENABLE_STRICT_OBJC_MSGSEND = YES;
				ENABLE_TESTABILITY = YES;
				GCC_C_LANGUAGE_STANDARD = gnu11;
				GCC_DYNAMIC_NO_PIC = NO;
				GCC_NO_COMMON_BLOCKS = YES;
				GCC_OPTIMIZATION_LEVEL = 0;
				GCC_PREPROCESSOR_DEFINITIONS = (
					"DEBUG=1",
					"$(inherited)",
				);
				GCC_WARN_64_TO_32_BIT_CONVERSION = YES;
				GCC_WARN_ABOUT_RETURN_TYPE = YES_ERROR;
				GCC_WARN_UNDECLARED_SELECTOR = YES;
				GCC_WARN_UNINITIALIZED_AUTOS = YES_AGGRESSIVE;
				GCC_WARN_UNUSED_FUNCTION = YES;
				GCC_WARN_UNUSED_VARIABLE = YES;
				IPHONEOS_DEPLOYMENT_TARGET = 11.3;
				MTL_ENABLE_DEBUG_INFO = YES;
				ONLY_ACTIVE_ARCH = YES;
				SDKROOT = iphoneos;
				SWIFT_ACTIVE_COMPILATION_CONDITIONS = DEBUG;
				SWIFT_OPTIMIZATION_LEVEL = "-Onone";
			};
			name = Debug;
		};
		98C6273320A39AAC00152496 /* Release */ = {
			isa = XCBuildConfiguration;
			buildSettings = {
				ALWAYS_SEARCH_USER_PATHS = NO;
				CLANG_ANALYZER_NONNULL = YES;
				CLANG_ANALYZER_NUMBER_OBJECT_CONVERSION = YES_AGGRESSIVE;
				CLANG_CXX_LANGUAGE_STANDARD = "gnu++14";
				CLANG_CXX_LIBRARY = "libc++";
				CLANG_ENABLE_MODULES = YES;
				CLANG_ENABLE_OBJC_ARC = YES;
				CLANG_ENABLE_OBJC_WEAK = YES;
				CLANG_WARN_BLOCK_CAPTURE_AUTORELEASING = YES;
				CLANG_WARN_BOOL_CONVERSION = YES;
				CLANG_WARN_COMMA = YES;
				CLANG_WARN_CONSTANT_CONVERSION = YES;
				CLANG_WARN_DEPRECATED_OBJC_IMPLEMENTATIONS = YES;
				CLANG_WARN_DIRECT_OBJC_ISA_USAGE = YES_ERROR;
				CLANG_WARN_DOCUMENTATION_COMMENTS = YES;
				CLANG_WARN_EMPTY_BODY = YES;
				CLANG_WARN_ENUM_CONVERSION = YES;
				CLANG_WARN_INFINITE_RECURSION = YES;
				CLANG_WARN_INT_CONVERSION = YES;
				CLANG_WARN_NON_LITERAL_NULL_CONVERSION = YES;
				CLANG_WARN_OBJC_IMPLICIT_RETAIN_SELF = YES;
				CLANG_WARN_OBJC_LITERAL_CONVERSION = YES;
				CLANG_WARN_OBJC_ROOT_CLASS = YES_ERROR;
				CLANG_WARN_RANGE_LOOP_ANALYSIS = YES;
				CLANG_WARN_STRICT_PROTOTYPES = YES;
				CLANG_WARN_SUSPICIOUS_MOVE = YES;
				CLANG_WARN_UNGUARDED_AVAILABILITY = YES_AGGRESSIVE;
				CLANG_WARN_UNREACHABLE_CODE = YES;
				CLANG_WARN__DUPLICATE_METHOD_MATCH = YES;
				CODE_SIGN_IDENTITY = "iPhone Developer";
				COPY_PHASE_STRIP = NO;
				DEBUG_INFORMATION_FORMAT = "dwarf-with-dsym";
				ENABLE_NS_ASSERTIONS = NO;
				ENABLE_STRICT_OBJC_MSGSEND = YES;
				GCC_C_LANGUAGE_STANDARD = gnu11;
				GCC_NO_COMMON_BLOCKS = YES;
				GCC_WARN_64_TO_32_BIT_CONVERSION = YES;
				GCC_WARN_ABOUT_RETURN_TYPE = YES_ERROR;
				GCC_WARN_UNDECLARED_SELECTOR = YES;
				GCC_WARN_UNINITIALIZED_AUTOS = YES_AGGRESSIVE;
				GCC_WARN_UNUSED_FUNCTION = YES;
				GCC_WARN_UNUSED_VARIABLE = YES;
				IPHONEOS_DEPLOYMENT_TARGET = 11.3;
				MTL_ENABLE_DEBUG_INFO = NO;
				SDKROOT = iphoneos;
				SWIFT_COMPILATION_MODE = wholemodule;
				SWIFT_OPTIMIZATION_LEVEL = "-O";
				VALIDATE_PRODUCT = YES;
			};
			name = Release;
		};
		98C6273520A39AAC00152496 /* Debug */ = {
			isa = XCBuildConfiguration;
			baseConfigurationReference = 45283F6222720CA99EB40531 /* Pods-Ordernize.debug.xcconfig */;
			buildSettings = {
				ASSETCATALOG_COMPILER_APPICON_NAME = AppIcon;
				CODE_SIGN_STYLE = Automatic;
				DEVELOPMENT_TEAM = 2JQL7NUGQB;
				INFOPLIST_FILE = Ordernize/Info.plist;
				LD_RUNPATH_SEARCH_PATHS = (
					"$(inherited)",
					"@executable_path/Frameworks",
				);
				PRODUCT_BUNDLE_IDENTIFIER = com.lab73.Ordernize;
				PRODUCT_NAME = "$(TARGET_NAME)";
				SWIFT_VERSION = 4.0;
				TARGETED_DEVICE_FAMILY = "1,2";
			};
			name = Debug;
		};
		98C6273620A39AAC00152496 /* Release */ = {
			isa = XCBuildConfiguration;
			baseConfigurationReference = FC9F2FB9F4A2591C25EA790F /* Pods-Ordernize.release.xcconfig */;
			buildSettings = {
				ASSETCATALOG_COMPILER_APPICON_NAME = AppIcon;
				CODE_SIGN_STYLE = Automatic;
				DEVELOPMENT_TEAM = 2JQL7NUGQB;
				INFOPLIST_FILE = Ordernize/Info.plist;
				LD_RUNPATH_SEARCH_PATHS = (
					"$(inherited)",
					"@executable_path/Frameworks",
				);
				PRODUCT_BUNDLE_IDENTIFIER = com.lab73.Ordernize;
				PRODUCT_NAME = "$(TARGET_NAME)";
				SWIFT_VERSION = 4.0;
				TARGETED_DEVICE_FAMILY = "1,2";
			};
			name = Release;
		};
/* End XCBuildConfiguration section */

/* Begin XCConfigurationList section */
		98C6271D20A39AAB00152496 /* Build configuration list for PBXProject "Ordernize" */ = {
			isa = XCConfigurationList;
			buildConfigurations = (
				98C6273220A39AAC00152496 /* Debug */,
				98C6273320A39AAC00152496 /* Release */,
			);
			defaultConfigurationIsVisible = 0;
			defaultConfigurationName = Release;
		};
		98C6273420A39AAC00152496 /* Build configuration list for PBXNativeTarget "Ordernize" */ = {
			isa = XCConfigurationList;
			buildConfigurations = (
				98C6273520A39AAC00152496 /* Debug */,
				98C6273620A39AAC00152496 /* Release */,
			);
			defaultConfigurationIsVisible = 0;
			defaultConfigurationName = Release;
		};
/* End XCConfigurationList section */
	};
	rootObject = 98C6271A20A39AAB00152496 /* Project object */;
}
